// !$*UTF8*$!
{
	archiveVersion = 1;
	classes = {
	};
	objectVersion = 46;
	objects = {

/* Begin PBXBuildFile section */
		7B129AD21EE42477004E0372 /* main.m in Sources */ = {isa = PBXBuildFile; fileRef = 7B129AD11EE42477004E0372 /* main.m */; };
		7B129AD51EE42477004E0372 /* AppDelegate.m in Sources */ = {isa = PBXBuildFile; fileRef = 7B129AD41EE42477004E0372 /* AppDelegate.m */; };
		7B129AD81EE42477004E0372 /* ViewController.m in Sources */ = {isa = PBXBuildFile; fileRef = 7B129AD71EE42477004E0372 /* ViewController.m */; };
		7B129ADB1EE42477004E0372 /* Main.storyboard in Resources */ = {isa = PBXBuildFile; fileRef = 7B129AD91EE42477004E0372 /* Main.storyboard */; };
		7B129ADD1EE42477004E0372 /* Assets.xcassets in Resources */ = {isa = PBXBuildFile; fileRef = 7B129ADC1EE42477004E0372 /* Assets.xcassets */; };
		7B129AE01EE42477004E0372 /* LaunchScreen.storyboard in Resources */ = {isa = PBXBuildFile; fileRef = 7B129ADE1EE42477004E0372 /* LaunchScreen.storyboard */; };
		7B4083131EE5694E0061A3EF /* DEKaraokeController.m in Sources */ = {isa = PBXBuildFile; fileRef = 7B4083121EE5694E0061A3EF /* DEKaraokeController.m */; };
		7B4083151EE5932B0061A3EF /* bg.m4a in Resources */ = {isa = PBXBuildFile; fileRef = 7B4083141EE5932B0061A3EF /* bg.m4a */; };
		7BE5D1F21EE559E8000B5503 /* snapshot.jpg in Resources */ = {isa = PBXBuildFile; fileRef = 7BE5D1F11EE559E8000B5503 /* snapshot.jpg */; };
		7BE5D1F61EE563FE000B5503 /* README.md in Sources */ = {isa = PBXBuildFile; fileRef = 7BE5D1F51EE563FE000B5503 /* README.md */; };
/* End PBXBuildFile section */

/* Begin PBXFileReference section */
		7B129ACD1EE42477004E0372 /* KaraokeDemo.app */ = {isa = PBXFileReference; explicitFileType = wrapper.application; includeInIndex = 0; path = KaraokeDemo.app; sourceTree = BUILT_PRODUCTS_DIR; };
		7B129AD11EE42477004E0372 /* main.m */ = {isa = PBXFileReference; lastKnownFileType = sourcecode.c.objc; path = main.m; sourceTree = "<group>"; };
		7B129AD31EE42477004E0372 /* AppDelegate.h */ = {isa = PBXFileReference; lastKnownFileType = sourcecode.c.h; path = AppDelegate.h; sourceTree = "<group>"; };
		7B129AD41EE42477004E0372 /* AppDelegate.m */ = {isa = PBXFileReference; lastKnownFileType = sourcecode.c.objc; path = AppDelegate.m; sourceTree = "<group>"; };
		7B129AD61EE42477004E0372 /* ViewController.h */ = {isa = PBXFileReference; lastKnownFileType = sourcecode.c.h; path = ViewController.h; sourceTree = "<group>"; };
		7B129AD71EE42477004E0372 /* ViewController.m */ = {isa = PBXFileReference; lastKnownFileType = sourcecode.c.objc; path = ViewController.m; sourceTree = "<group>"; };
		7B129ADA1EE42477004E0372 /* Base */ = {isa = PBXFileReference; lastKnownFileType = file.storyboard; name = Base; path = Base.lproj/Main.storyboard; sourceTree = "<group>"; };
		7B129ADC1EE42477004E0372 /* Assets.xcassets */ = {isa = PBXFileReference; lastKnownFileType = folder.assetcatalog; path = Assets.xcassets; sourceTree = "<group>"; };
		7B129ADF1EE42477004E0372 /* Base */ = {isa = PBXFileReference; lastKnownFileType = file.storyboard; name = Base; path = Base.lproj/LaunchScreen.storyboard; sourceTree = "<group>"; };
		7B129AE11EE42477004E0372 /* Info.plist */ = {isa = PBXFileReference; lastKnownFileType = text.plist.xml; path = Info.plist; sourceTree = "<group>"; };
		7B4083111EE5694E0061A3EF /* DEKaraokeController.h */ = {isa = PBXFileReference; fileEncoding = 4; lastKnownFileType = sourcecode.c.h; path = DEKaraokeController.h; sourceTree = "<group>"; };
		7B4083121EE5694E0061A3EF /* DEKaraokeController.m */ = {isa = PBXFileReference; fileEncoding = 4; lastKnownFileType = sourcecode.c.objc; path = DEKaraokeController.m; sourceTree = "<group>"; };
		7B4083141EE5932B0061A3EF /* bg.m4a */ = {isa = PBXFileReference; lastKnownFileType = file; path = bg.m4a; sourceTree = "<group>"; };
		7BE5D1F11EE559E8000B5503 /* snapshot.jpg */ = {isa = PBXFileReference; lastKnownFileType = image.jpeg; path = snapshot.jpg; sourceTree = "<group>"; };
		7BE5D1F51EE563FE000B5503 /* README.md */ = {isa = PBXFileReference; fileEncoding = 4; lastKnownFileType = net.daringfireball.markdown; path = README.md; sourceTree = "<group>"; };
/* End PBXFileReference section */

/* Begin PBXFrameworksBuildPhase section */
		7B129ACA1EE42477004E0372 /* Frameworks */ = {
			isa = PBXFrameworksBuildPhase;
			buildActionMask = 2147483647;
			files = (
			);
			runOnlyForDeploymentPostprocessing = 0;
		};
/* End PBXFrameworksBuildPhase section */

/* Begin PBXGroup section */
		7B129AC41EE42477004E0372 = {
			isa = PBXGroup;
			children = (
				7BE5D1F51EE563FE000B5503 /* README.md */,
				7B129ACF1EE42477004E0372 /* KaraokeDemo */,
				7B129ACE1EE42477004E0372 /* Products */,
			);
			sourceTree = "<group>";
		};
		7B129ACE1EE42477004E0372 /* Products */ = {
			isa = PBXGroup;
			children = (
				7B129ACD1EE42477004E0372 /* KaraokeDemo.app */,
			);
			name = Products;
			sourceTree = "<group>";
		};
		7B129ACF1EE42477004E0372 /* KaraokeDemo */ = {
			isa = PBXGroup;
			children = (
				7B4083141EE5932B0061A3EF /* bg.m4a */,
				7BE5D1F11EE559E8000B5503 /* snapshot.jpg */,
				7B129AD31EE42477004E0372 /* AppDelegate.h */,
				7B129AD41EE42477004E0372 /* AppDelegate.m */,
				7B129AD61EE42477004E0372 /* ViewController.h */,
				7B129AD71EE42477004E0372 /* ViewController.m */,
				7B129AD91EE42477004E0372 /* Main.storyboard */,
				7B129ADC1EE42477004E0372 /* Assets.xcassets */,
				7B129ADE1EE42477004E0372 /* LaunchScreen.storyboard */,
				7B129AE11EE42477004E0372 /* Info.plist */,
				7B129AD01EE42477004E0372 /* Supporting Files */,
				7B4083111EE5694E0061A3EF /* DEKaraokeController.h */,
				7B4083121EE5694E0061A3EF /* DEKaraokeController.m */,
			);
			path = KaraokeDemo;
			sourceTree = "<group>";
		};
		7B129AD01EE42477004E0372 /* Supporting Files */ = {
			isa = PBXGroup;
			children = (
				7B129AD11EE42477004E0372 /* main.m */,
			);
			name = "Supporting Files";
			sourceTree = "<group>";
		};
/* End PBXGroup section */

/* Begin PBXNativeTarget section */
		7B129ACC1EE42477004E0372 /* KaraokeDemo */ = {
			isa = PBXNativeTarget;
			buildConfigurationList = 7B129AE41EE42477004E0372 /* Build configuration list for PBXNativeTarget "KaraokeDemo" */;
			buildPhases = (
				7B129AC91EE42477004E0372 /* Sources */,
				7B129ACA1EE42477004E0372 /* Frameworks */,
				7B129ACB1EE42477004E0372 /* Resources */,
			);
			buildRules = (
			);
			dependencies = (
			);
			name = KaraokeDemo;
			productName = KaraokeDemo;
			productReference = 7B129ACD1EE42477004E0372 /* KaraokeDemo.app */;
			productType = "com.apple.product-type.application";
		};
/* End PBXNativeTarget section */

/* Begin PBXProject section */
		7B129AC51EE42477004E0372 /* Project object */ = {
			isa = PBXProject;
			attributes = {
				LastUpgradeCheck = 0830;
				ORGANIZATIONNAME = SwordFish;
				TargetAttributes = {
					7B129ACC1EE42477004E0372 = {
						CreatedOnToolsVersion = 8.3.2;
						DevelopmentTeam = ZP39L9XLVC;
						ProvisioningStyle = Automatic;
					};
				};
			};
			buildConfigurationList = 7B129AC81EE42477004E0372 /* Build configuration list for PBXProject "KaraokeDemo" */;
			compatibilityVersion = "Xcode 3.2";
			developmentRegion = English;
			hasScannedForEncodings = 0;
			knownRegions = (
				en,
				Base,
			);
			mainGroup = 7B129AC41EE42477004E0372;
			productRefGroup = 7B129ACE1EE42477004E0372 /* Products */;
			projectDirPath = "";
			projectRoot = "";
			targets = (
				7B129ACC1EE42477004E0372 /* KaraokeDemo */,
			);
		};
/* End PBXProject section */

/* Begin PBXResourcesBuildPhase section */
		7B129ACB1EE42477004E0372 /* Resources */ = {
			isa = PBXResourcesBuildPhase;
			buildActionMask = 2147483647;
			files = (
				7B129AE01EE42477004E0372 /* LaunchScreen.storyboard in Resources */,
				7B4083151EE5932B0061A3EF /* bg.m4a in Resources */,
				7BE5D1F21EE559E8000B5503 /* snapshot.jpg in Resources */,
				7B129ADD1EE42477004E0372 /* Assets.xcassets in Resources */,
				7B129ADB1EE42477004E0372 /* Main.storyboard in Resources */,
			);
			runOnlyForDeploymentPostprocessing = 0;
		};
/* End PBXResourcesBuildPhase section */

/* Begin PBXSourcesBuildPhase section */
		7B129AC91EE42477004E0372 /* Sources */ = {
			isa = PBXSourcesBuildPhase;
			buildActionMask = 2147483647;
			files = (
				7B129AD81EE42477004E0372 /* ViewController.m in Sources */,
				7B129AD51EE42477004E0372 /* AppDelegate.m in Sources */,
				7BE5D1F61EE563FE000B5503 /* README.md in Sources */,
				7B4083131EE5694E0061A3EF /* DEKaraokeController.m in Sources */,
				7B129AD21EE42477004E0372 /* main.m in Sources */,
			);
			runOnlyForDeploymentPostprocessing = 0;
		};
/* End PBXSourcesBuildPhase section */

/* Begin PBXVariantGroup section */
		7B129AD91EE42477004E0372 /* Main.storyboard */ = {
			isa = PBXVariantGroup;
			children = (
				7B129ADA1EE42477004E0372 /* Base */,
			);
			name = Main.storyboard;
			sourceTree = "<group>";
		};
		7B129ADE1EE42477004E0372 /* LaunchScreen.storyboard */ = {
			isa = PBXVariantGroup;
			children = (
				7B129ADF1EE42477004E0372 /* Base */,
			);
			name = LaunchScreen.storyboard;
			sourceTree = "<group>";
		};
/* End PBXVariantGroup section */

/* Begin XCBuildConfiguration section */
		7B129AE21EE42477004E0372 /* Debug */ = {
			isa = XCBuildConfiguration;
			buildSettings = {
				ALWAYS_SEARCH_USER_PATHS = NO;
				CLANG_ANALYZER_NONNULL = YES;
				CLANG_ANALYZER_NUMBER_OBJECT_CONVERSION = YES_AGGRESSIVE;
				CLANG_CXX_LANGUAGE_STANDARD = "gnu++0x";
				CLANG_CXX_LIBRARY = "libc++";
				CLANG_ENABLE_MODULES = YES;
				CLANG_ENABLE_OBJC_ARC = YES;
				CLANG_WARN_BOOL_CONVERSION = YES;
				CLANG_WARN_CONSTANT_CONVERSION = YES;
				CLANG_WARN_DIRECT_OBJC_ISA_USAGE = YES_ERROR;
				CLANG_WARN_DOCUMENTATION_COMMENTS = YES;
				CLANG_WARN_EMPTY_BODY = YES;
				CLANG_WARN_ENUM_CONVERSION = YES;
				CLANG_WARN_INFINITE_RECURSION = YES;
				CLANG_WARN_INT_CONVERSION = YES;
				CLANG_WARN_OBJC_ROOT_CLASS = YES_ERROR;
				CLANG_WARN_SUSPICIOUS_MOVE = YES;
				CLANG_WARN_UNREACHABLE_CODE = YES;
				CLANG_WARN__DUPLICATE_METHOD_MATCH = YES;
				"CODE_SIGN_IDENTITY[sdk=iphoneos*]" = "iPhone Developer";
				COPY_PHASE_STRIP = NO;
				DEBUG_INFORMATION_FORMAT = dwarf;
				ENABLE_STRICT_OBJC_MSGSEND = YES;
				ENABLE_TESTABILITY = YES;
				GCC_C_LANGUAGE_STANDARD = gnu99;
				GCC_DYNAMIC_NO_PIC = NO;
				GCC_NO_COMMON_BLOCKS = YES;
				GCC_OPTIMIZATION_LEVEL = 0;
				GCC_PREPROCESSOR_DEFINITIONS = (
					"DEBUG=1",
					"$(inherited)",
				);
				GCC_WARN_64_TO_32_BIT_CONVERSION = YES;
				GCC_WARN_ABOUT_RETURN_TYPE = YES_ERROR;
				GCC_WARN_UNDECLARED_SELECTOR = YES;
				GCC_WARN_UNINITIALIZED_AUTOS = YES_AGGRESSIVE;
				GCC_WARN_UNUSED_FUNCTION = YES;
				GCC_WARN_UNUSED_VARIABLE = YES;
				IPHONEOS_DEPLOYMENT_TARGET = 10.3;
				MTL_ENABLE_DEBUG_INFO = YES;
				ONLY_ACTIVE_ARCH = YES;
				SDKROOT = iphoneos;
			};
			name = Debug;
		};
		7B129AE31EE42477004E0372 /* Release */ = {
			isa = XCBuildConfiguration;
			buildSettings = {
				ALWAYS_SEARCH_USER_PATHS = NO;
				CLANG_ANALYZER_NONNULL = YES;
				CLANG_ANALYZER_NUMBER_OBJECT_CONVERSION = YES_AGGRESSIVE;
				CLANG_CXX_LANGUAGE_STANDARD = "gnu++0x";
				CLANG_CXX_LIBRARY = "libc++";
				CLANG_ENABLE_MODULES = YES;
				CLANG_ENABLE_OBJC_ARC = YES;
				CLANG_WARN_BOOL_CONVERSION = YES;
				CLANG_WARN_CONSTANT_CONVERSION = YES;
				CLANG_WARN_DIRECT_OBJC_ISA_USAGE = YES_ERROR;
				CLANG_WARN_DOCUMENTATION_COMMENTS = YES;
				CLANG_WARN_EMPTY_BODY = YES;
				CLANG_WARN_ENUM_CONVERSION = YES;
				CLANG_WARN_INFINITE_RECURSION = YES;
				CLANG_WARN_INT_CONVERSION = YES;
				CLANG_WARN_OBJC_ROOT_CLASS = YES_ERROR;
				CLANG_WARN_SUSPICIOUS_MOVE = YES;
				CLANG_WARN_UNREACHABLE_CODE = YES;
				CLANG_WARN__DUPLICATE_METHOD_MATCH = YES;
				"CODE_SIGN_IDENTITY[sdk=iphoneos*]" = "iPhone Developer";
				COPY_PHASE_STRIP = NO;
				DEBUG_INFORMATION_FORMAT = "dwarf-with-dsym";
				ENABLE_NS_ASSERTIONS = NO;
				ENABLE_STRICT_OBJC_MSGSEND = YES;
				GCC_C_LANGUAGE_STANDARD = gnu99;
				GCC_NO_COMMON_BLOCKS = YES;
				GCC_WARN_64_TO_32_BIT_CONVERSION = YES;
				GCC_WARN_ABOUT_RETURN_TYPE = YES_ERROR;
				GCC_WARN_UNDECLARED_SELECTOR = YES;
				GCC_WARN_UNINITIALIZED_AUTOS = YES_AGGRESSIVE;
				GCC_WARN_UNUSED_FUNCTION = YES;
				GCC_WARN_UNUSED_VARIABLE = YES;
				IPHONEOS_DEPLOYMENT_TARGET = 10.3;
				MTL_ENABLE_DEBUG_INFO = NO;
				SDKROOT = iphoneos;
				VALIDATE_PRODUCT = YES;
			};
			name = Release;
		};
		7B129AE51EE42477004E0372 /* Debug */ = {
			isa = XCBuildConfiguration;
			buildSettings = {
				ASSETCATALOG_COMPILER_APPICON_NAME = AppIcon;
				DEVELOPMENT_TEAM = ZP39L9XLVC;
				INFOPLIST_FILE = KaraokeDemo/Info.plist;
				LD_RUNPATH_SEARCH_PATHS = "$(inherited) @executable_path/Frameworks";
				PRODUCT_BUNDLE_IDENTIFIER = com.swordfish.ios.KaraokeDemo;
				PRODUCT_NAME = "$(TARGET_NAME)";
			};
			name = Debug;
		};
		7B129AE61EE42477004E0372 /* Release */ = {
			isa = XCBuildConfiguration;
			buildSettings = {
				ASSETCATALOG_COMPILER_APPICON_NAME = AppIcon;
				DEVELOPMENT_TEAM = ZP39L9XLVC;
				INFOPLIST_FILE = KaraokeDemo/Info.plist;
				LD_RUNPATH_SEARCH_PATHS = "$(inherited) @executable_path/Frameworks";
				PRODUCT_BUNDLE_IDENTIFIER = com.swordfish.ios.KaraokeDemo;
				PRODUCT_NAME = "$(TARGET_NAME)";
			};
			name = Release;
		};
/* End XCBuildConfiguration section */

/* Begin XCConfigurationList section */
		7B129AC81EE42477004E0372 /* Build configuration list for PBXProject "KaraokeDemo" */ = {
			isa = XCConfigurationList;
			buildConfigurations = (
				7B129AE21EE42477004E0372 /* Debug */,
				7B129AE31EE42477004E0372 /* Release */,
			);
			defaultConfigurationIsVisible = 0;
			defaultConfigurationName = Release;
		};
		7B129AE41EE42477004E0372 /* Build configuration list for PBXNativeTarget "KaraokeDemo" */ = {
			isa = XCConfigurationList;
			buildConfigurations = (
				7B129AE51EE42477004E0372 /* Debug */,
				7B129AE61EE42477004E0372 /* Release */,
			);
			defaultConfigurationIsVisible = 0;
			defaultConfigurationName = Release;
		};
/* End XCConfigurationList section */
	};
	rootObject = 7B129AC51EE42477004E0372 /* Project object */;
}
